
Microsoft Visual Studio Solution File, Format Version 12.00
# Visual Studio Version 17
VisualStudioVersion = 17.10.34707.107
MinimumVisualStudioVersion = 10.0.40219.1
Project("{9A19103F-16F7-4668-BE54-9A1E7A4F7556}") = "Blog", "Blog.csproj", "{B8DB9BE0-7E57-4CEE-BCCB-727F093D2938}"
EndProject
Global
	GlobalSection(SolutionConfigurationPlatforms) = preSolution
		Debug|Any CPU = Debug|Any CPU
		Release|Any CPU = Release|Any CPU
	EndGlobalSection
	GlobalSection(ProjectConfigurationPlatforms) = postSolution
		{B8DB9BE0-7E57-4CEE-BCCB-727F093D2938}.Debug|Any CPU.ActiveCfg = Debug|Any CPU
		{B8DB9BE0-7E57-4CEE-BCCB-727F093D2938}.Debug|Any CPU.Build.0 = Debug|Any CPU
		{B8DB9BE0-7E57-4CEE-BCCB-727F093D2938}.Release|Any CPU.ActiveCfg = Release|Any CPU
		{B8DB9BE0-7E57-4CEE-BCCB-727F093D2938}.Release|Any CPU.Build.0 = Release|Any CPU
	EndGlobalSection
	GlobalSection(SolutionProperties) = preSolution
		HideSolutionNode = FALSE
	EndGlobalSection
	GlobalSection(ExtensibilityGlobals) = postSolution
		SolutionGuid = {D0A051B7-B231-4CEA-B13C-9521312365EF}
	EndGlobalSection
EndGlobal
